
Microsoft Visual Studio Solution File, Format Version 12.00
Project("{FAE04EC0-301F-11D3-BF4B-00C04F79EFBC}") = "RESTfull.API", "RESTfull.API\RESTfull.API.csproj", "{A886DEB7-86FB-4EE2-AFA6-3801DA5F0431}"
EndProject
Project("{FAE04EC0-301F-11D3-BF4B-00C04F79EFBC}") = "RESTfull.Domain", "RESTfull.Domain\RESTfull.Domain.csproj", "{3AF1C15F-BD7F-46EB-AB99-0EED46A62F78}"
EndProject
Project("{FAE04EC0-301F-11D3-BF4B-00C04F79EFBC}") = "RESTfull.Infrastructure", "RESTfull.Infrastructure\RESTfull.Infrastructure.csproj", "{5784926E-86AF-41F6-B26B-4B9388EE0F29}"
EndProject
Project("{FAE04EC0-301F-11D3-BF4B-00C04F79EFBC}") = "RESTfull.Domain.Migrations", "RESTfull.Domain.Migrations\RESTfull.Domain.Migrations.csproj", "{DB540042-0E7E-4622-AC03-8A748DCDE90B}"
EndProject
Global
	GlobalSection(SolutionConfigurationPlatforms) = preSolution
		Debug|Any CPU = Debug|Any CPU
		Release|Any CPU = Release|Any CPU
	EndGlobalSection
	GlobalSection(ProjectConfigurationPlatforms) = postSolution
		{A886DEB7-86FB-4EE2-AFA6-3801DA5F0431}.Debug|Any CPU.ActiveCfg = Debug|Any CPU
		{A886DEB7-86FB-4EE2-AFA6-3801DA5F0431}.Debug|Any CPU.Build.0 = Debug|Any CPU
		{A886DEB7-86FB-4EE2-AFA6-3801DA5F0431}.Release|Any CPU.ActiveCfg = Release|Any CPU
		{A886DEB7-86FB-4EE2-AFA6-3801DA5F0431}.Release|Any CPU.Build.0 = Release|Any CPU
		{3AF1C15F-BD7F-46EB-AB99-0EED46A62F78}.Debug|Any CPU.ActiveCfg = Debug|Any CPU
		{3AF1C15F-BD7F-46EB-AB99-0EED46A62F78}.Debug|Any CPU.Build.0 = Debug|Any CPU
		{3AF1C15F-BD7F-46EB-AB99-0EED46A62F78}.Release|Any CPU.ActiveCfg = Release|Any CPU
		{3AF1C15F-BD7F-46EB-AB99-0EED46A62F78}.Release|Any CPU.Build.0 = Release|Any CPU
		{5784926E-86AF-41F6-B26B-4B9388EE0F29}.Debug|Any CPU.ActiveCfg = Debug|Any CPU
		{5784926E-86AF-41F6-B26B-4B9388EE0F29}.Debug|Any CPU.Build.0 = Debug|Any CPU
		{5784926E-86AF-41F6-B26B-4B9388EE0F29}.Release|Any CPU.ActiveCfg = Release|Any CPU
		{5784926E-86AF-41F6-B26B-4B9388EE0F29}.Release|Any CPU.Build.0 = Release|Any CPU
		{DB540042-0E7E-4622-AC03-8A748DCDE90B}.Debug|Any CPU.ActiveCfg = Debug|Any CPU
		{DB540042-0E7E-4622-AC03-8A748DCDE90B}.Debug|Any CPU.Build.0 = Debug|Any CPU
		{DB540042-0E7E-4622-AC03-8A748DCDE90B}.Release|Any CPU.ActiveCfg = Release|Any CPU
		{DB540042-0E7E-4622-AC03-8A748DCDE90B}.Release|Any CPU.Build.0 = Release|Any CPU
	EndGlobalSection
EndGlobal
